
Microsoft Visual Studio Solution File, Format Version 12.00
# Visual Studio Version 17
VisualStudioVersion = 17.5.33402.96
MinimumVisualStudioVersion = 10.0.40219.1
Project("{9A19103F-16F7-4668-BE54-9A1E7A4F7556}") = "Server", "Server\Server.csproj", "{0FD975A2-D036-4739-8318-54F12EAD05AA}"
EndProject
Project("{9A19103F-16F7-4668-BE54-9A1E7A4F7556}") = "Client", "Client\Client.csproj", "{CD2D51E5-53F0-4DAC-BC7C-316A909EA40C}"
EndProject
Global
	GlobalSection(SolutionConfigurationPlatforms) = preSolution
		Debug|Any CPU = Debug|Any CPU
		Release|Any CPU = Release|Any CPU
	EndGlobalSection
	GlobalSection(ProjectConfigurationPlatforms) = postSolution
		{0FD975A2-D036-4739-8318-54F12EAD05AA}.Debug|Any CPU.ActiveCfg = Debug|Any CPU
		{0FD975A2-D036-4739-8318-54F12EAD05AA}.Debug|Any CPU.Build.0 = Debug|Any CPU
		{0FD975A2-D036-4739-8318-54F12EAD05AA}.Release|Any CPU.ActiveCfg = Release|Any CPU
		{0FD975A2-D036-4739-8318-54F12EAD05AA}.Release|Any CPU.Build.0 = Release|Any CPU
		{CD2D51E5-53F0-4DAC-BC7C-316A909EA40C}.Debug|Any CPU.ActiveCfg = Debug|Any CPU
		{CD2D51E5-53F0-4DAC-BC7C-316A909EA40C}.Debug|Any CPU.Build.0 = Debug|Any CPU
		{CD2D51E5-53F0-4DAC-BC7C-316A909EA40C}.Release|Any CPU.ActiveCfg = Release|Any CPU
		{CD2D51E5-53F0-4DAC-BC7C-316A909EA40C}.Release|Any CPU.Build.0 = Release|Any CPU
	EndGlobalSection
	GlobalSection(SolutionProperties) = preSolution
		HideSolutionNode = FALSE
	EndGlobalSection
	GlobalSection(ExtensibilityGlobals) = postSolution
		SolutionGuid = {2217B7F7-446B-4D49-BAC1-6B5B8CD2FCD9}
	EndGlobalSection
EndGlobal
